
Microsoft Visual Studio Solution File, Format Version 12.00
# Visual Studio Version 16
VisualStudioVersion = 16.0.29318.209
MinimumVisualStudioVersion = 10.0.40219.1
Project("{FAE04EC0-301F-11D3-BF4B-00C04F79EFBC}") = "ShoppingCartApp", "ShoppingCartApp\ShoppingCartApp.csproj", "{6814C715-2B68-4416-A794-C11622FEB681}"
EndProject
Project("{FAE04EC0-301F-11D3-BF4B-00C04F79EFBC}") = "ShoppingCartApp.Tests", "ShoppingCartApp.Tests\ShoppingCartApp.Tests.csproj", "{F6F700C0-04EA-4F41-8C04-64A1858AD2BC}"
EndProject
Global
	GlobalSection(SolutionConfigurationPlatforms) = preSolution
		Debug|Any CPU = Debug|Any CPU
		Release|Any CPU = Release|Any CPU
	EndGlobalSection
	GlobalSection(ProjectConfigurationPlatforms) = postSolution
		{6814C715-2B68-4416-A794-C11622FEB681}.Debug|Any CPU.ActiveCfg = Debug|Any CPU
		{6814C715-2B68-4416-A794-C11622FEB681}.Debug|Any CPU.Build.0 = Debug|Any CPU
		{6814C715-2B68-4416-A794-C11622FEB681}.Release|Any CPU.ActiveCfg = Release|Any CPU
		{6814C715-2B68-4416-A794-C11622FEB681}.Release|Any CPU.Build.0 = Release|Any CPU
		{F6F700C0-04EA-4F41-8C04-64A1858AD2BC}.Debug|Any CPU.ActiveCfg = Debug|Any CPU
		{F6F700C0-04EA-4F41-8C04-64A1858AD2BC}.Debug|Any CPU.Build.0 = Debug|Any CPU
		{F6F700C0-04EA-4F41-8C04-64A1858AD2BC}.Release|Any CPU.ActiveCfg = Release|Any CPU
		{F6F700C0-04EA-4F41-8C04-64A1858AD2BC}.Release|Any CPU.Build.0 = Release|Any CPU
	EndGlobalSection
	GlobalSection(SolutionProperties) = preSolution
		HideSolutionNode = FALSE
	EndGlobalSection
	GlobalSection(ExtensibilityGlobals) = postSolution
		SolutionGuid = {A88DFFA8-5F19-47CB-8F6D-BC16CC7639B8}
	EndGlobalSection
EndGlobal
