
Microsoft Visual Studio Solution File, Format Version 12.00
# Visual Studio Version 16
VisualStudioVersion = 16.0.31624.102
MinimumVisualStudioVersion = 10.0.40219.1
Project("{FAE04EC0-301F-11D3-BF4B-00C04F79EFBC}") = "Test2CarApp", "Test2CarApp\Test2CarApp.csproj", "{767C87BD-3790-421D-974E-9526C5E7A8EB}"
EndProject
Global
	GlobalSection(SolutionConfigurationPlatforms) = preSolution
		Debug|Any CPU = Debug|Any CPU
		Release|Any CPU = Release|Any CPU
	EndGlobalSection
	GlobalSection(ProjectConfigurationPlatforms) = postSolution
		{767C87BD-3790-421D-974E-9526C5E7A8EB}.Debug|Any CPU.ActiveCfg = Debug|Any CPU
		{767C87BD-3790-421D-974E-9526C5E7A8EB}.Debug|Any CPU.Build.0 = Debug|Any CPU
		{767C87BD-3790-421D-974E-9526C5E7A8EB}.Release|Any CPU.ActiveCfg = Release|Any CPU
		{767C87BD-3790-421D-974E-9526C5E7A8EB}.Release|Any CPU.Build.0 = Release|Any CPU
	EndGlobalSection
	GlobalSection(SolutionProperties) = preSolution
		HideSolutionNode = FALSE
	EndGlobalSection
	GlobalSection(ExtensibilityGlobals) = postSolution
		SolutionGuid = {D26E3102-1265-42FA-A85A-FA062934FC58}
	EndGlobalSection
EndGlobal
